
Microsoft Visual Studio Solution File, Format Version 12.00
# Visual Studio Version 17
VisualStudioVersion = 17.5.33530.505
MinimumVisualStudioVersion = 10.0.40219.1
Project("{FAE04EC0-301F-11D3-BF4B-00C04F79EFBC}") = "sql", "sql.csproj", "{283B1EB3-754E-46B9-913D-D0493D88B5D8}"
EndProject
Global
	GlobalSection(SolutionConfigurationPlatforms) = preSolution
		Debug|Any CPU = Debug|Any CPU
		Release|Any CPU = Release|Any CPU
	EndGlobalSection
	GlobalSection(ProjectConfigurationPlatforms) = postSolution
		{283B1EB3-754E-46B9-913D-D0493D88B5D8}.Debug|Any CPU.ActiveCfg = Debug|Any CPU
		{283B1EB3-754E-46B9-913D-D0493D88B5D8}.Debug|Any CPU.Build.0 = Debug|Any CPU
		{283B1EB3-754E-46B9-913D-D0493D88B5D8}.Release|Any CPU.ActiveCfg = Release|Any CPU
		{283B1EB3-754E-46B9-913D-D0493D88B5D8}.Release|Any CPU.Build.0 = Release|Any CPU
	EndGlobalSection
	GlobalSection(SolutionProperties) = preSolution
		HideSolutionNode = FALSE
	EndGlobalSection
	GlobalSection(ExtensibilityGlobals) = postSolution
		SolutionGuid = {B186435B-6E71-44F2-B6F5-2AEEF090C7DD}
	EndGlobalSection
EndGlobal
