
Microsoft Visual Studio Solution File, Format Version 12.00
# Visual Studio Version 17
VisualStudioVersion = 17.5.33530.505
MinimumVisualStudioVersion = 10.0.40219.1
Project("{FAE04EC0-301F-11D3-BF4B-00C04F79EFBC}") = "bai2", "bai2.csproj", "{CF7A6A87-817F-4677-847A-58C70CF26237}"
EndProject
Global
	GlobalSection(SolutionConfigurationPlatforms) = preSolution
		Debug|Any CPU = Debug|Any CPU
		Release|Any CPU = Release|Any CPU
	EndGlobalSection
	GlobalSection(ProjectConfigurationPlatforms) = postSolution
		{CF7A6A87-817F-4677-847A-58C70CF26237}.Debug|Any CPU.ActiveCfg = Debug|Any CPU
		{CF7A6A87-817F-4677-847A-58C70CF26237}.Debug|Any CPU.Build.0 = Debug|Any CPU
		{CF7A6A87-817F-4677-847A-58C70CF26237}.Release|Any CPU.ActiveCfg = Release|Any CPU
		{CF7A6A87-817F-4677-847A-58C70CF26237}.Release|Any CPU.Build.0 = Release|Any CPU
	EndGlobalSection
	GlobalSection(SolutionProperties) = preSolution
		HideSolutionNode = FALSE
	EndGlobalSection
	GlobalSection(ExtensibilityGlobals) = postSolution
		SolutionGuid = {4814BA21-3E86-4C5C-9C18-DCE01ADE9B76}
	EndGlobalSection
EndGlobal
