
Microsoft Visual Studio Solution File, Format Version 12.00
# Visual Studio Version 17
VisualStudioVersion = 17.5.33530.505
MinimumVisualStudioVersion = 10.0.40219.1
Project("{FAE04EC0-301F-11D3-BF4B-00C04F79EFBC}") = "DemoWF2", "DemoWF2\DemoWF2.csproj", "{6031862F-06FF-4522-A55B-E898EDEA60DD}"
EndProject
Global
	GlobalSection(SolutionConfigurationPlatforms) = preSolution
		Debug|Any CPU = Debug|Any CPU
		Release|Any CPU = Release|Any CPU
	EndGlobalSection
	GlobalSection(ProjectConfigurationPlatforms) = postSolution
		{6031862F-06FF-4522-A55B-E898EDEA60DD}.Debug|Any CPU.ActiveCfg = Debug|Any CPU
		{6031862F-06FF-4522-A55B-E898EDEA60DD}.Debug|Any CPU.Build.0 = Debug|Any CPU
		{6031862F-06FF-4522-A55B-E898EDEA60DD}.Release|Any CPU.ActiveCfg = Release|Any CPU
		{6031862F-06FF-4522-A55B-E898EDEA60DD}.Release|Any CPU.Build.0 = Release|Any CPU
	EndGlobalSection
	GlobalSection(SolutionProperties) = preSolution
		HideSolutionNode = FALSE
	EndGlobalSection
	GlobalSection(ExtensibilityGlobals) = postSolution
		SolutionGuid = {6E132E87-A399-42FE-91F1-B3AB6F2512D7}
	EndGlobalSection
EndGlobal
