
Microsoft Visual Studio Solution File, Format Version 12.00
# Visual Studio Version 17
VisualStudioVersion = 17.5.33530.505
MinimumVisualStudioVersion = 10.0.40219.1
Project("{FAE04EC0-301F-11D3-BF4B-00C04F79EFBC}") = "jj", "jj.csproj", "{231C347C-E41D-4F27-8211-1D0078B3FDE7}"
EndProject
Global
	GlobalSection(SolutionConfigurationPlatforms) = preSolution
		Debug|Any CPU = Debug|Any CPU
		Release|Any CPU = Release|Any CPU
	EndGlobalSection
	GlobalSection(ProjectConfigurationPlatforms) = postSolution
		{231C347C-E41D-4F27-8211-1D0078B3FDE7}.Debug|Any CPU.ActiveCfg = Debug|Any CPU
		{231C347C-E41D-4F27-8211-1D0078B3FDE7}.Debug|Any CPU.Build.0 = Debug|Any CPU
		{231C347C-E41D-4F27-8211-1D0078B3FDE7}.Release|Any CPU.ActiveCfg = Release|Any CPU
		{231C347C-E41D-4F27-8211-1D0078B3FDE7}.Release|Any CPU.Build.0 = Release|Any CPU
	EndGlobalSection
	GlobalSection(SolutionProperties) = preSolution
		HideSolutionNode = FALSE
	EndGlobalSection
	GlobalSection(ExtensibilityGlobals) = postSolution
		SolutionGuid = {C1FD5D56-987B-45BF-8505-2693C891EE08}
	EndGlobalSection
EndGlobal
